// !$*UTF8*$!
{
	archiveVersion = 1;
	classes = {
	};
	objectVersion = 46;
	objects = {

/* Begin PBXBuildFile section */
		5C81BEF720E4792D0023406F /* NSObject+Class.m in Sources */ = {isa = PBXBuildFile; fileRef = 5C81BED420E4792D0023406F /* NSObject+Class.m */; };
		5C81BEF820E4792D0023406F /* NSDate+Utils.m in Sources */ = {isa = PBXBuildFile; fileRef = 5C81BED720E4792D0023406F /* NSDate+Utils.m */; };
		5C81BEFB20E4792D0023406F /* RCDatePickerView.m in Sources */ = {isa = PBXBuildFile; fileRef = 5C81BEDE20E4792D0023406F /* RCDatePickerView.m */; };
		5C81BEFC20E4792D0023406F /* UIView+Frame.m in Sources */ = {isa = PBXBuildFile; fileRef = 5C81BEE120E4792D0023406F /* UIView+Frame.m */; };
		5C81BEFE20E4792D0023406F /* RCShopHelperView.m in Sources */ = {isa = PBXBuildFile; fileRef = 5C81BEE520E4792D0023406F /* RCShopHelperView.m */; };
		5C81BF0120E4792D0023406F /* NSString+Helper.m in Sources */ = {isa = PBXBuildFile; fileRef = 5C81BEEC20E4792D0023406F /* NSString+Helper.m */; };
		5C81BF0A20E47AC70023406F /* NSString+Attributed.m in Sources */ = {isa = PBXBuildFile; fileRef = 5C81BF0920E47AC70023406F /* NSString+Attributed.m */; };
		5C81BF0D20E481C00023406F /* NSString+NameRule.m in Sources */ = {isa = PBXBuildFile; fileRef = 5C81BF0C20E481C00023406F /* NSString+NameRule.m */; };
		8B1C75091CB3B96000894C06 /* main.m in Sources */ = {isa = PBXBuildFile; fileRef = 8B1C75081CB3B96000894C06 /* main.m */; };
		8B1C750C1CB3B96000894C06 /* AppDelegate.m in Sources */ = {isa = PBXBuildFile; fileRef = 8B1C750B1CB3B96000894C06 /* AppDelegate.m */; };
		8B1C750F1CB3B96000894C06 /* ViewController.m in Sources */ = {isa = PBXBuildFile; fileRef = 8B1C750E1CB3B96000894C06 /* ViewController.m */; };
		8B1C75121CB3B96000894C06 /* Main.storyboard in Resources */ = {isa = PBXBuildFile; fileRef = 8B1C75101CB3B96000894C06 /* Main.storyboard */; };
		8B1C75141CB3B96000894C06 /* Assets.xcassets in Resources */ = {isa = PBXBuildFile; fileRef = 8B1C75131CB3B96000894C06 /* Assets.xcassets */; };
		8B1C75171CB3B96000894C06 /* LaunchScreen.storyboard in Resources */ = {isa = PBXBuildFile; fileRef = 8B1C75151CB3B96000894C06 /* LaunchScreen.storyboard */; };
/* End PBXBuildFile section */

/* Begin PBXFileReference section */
		5C1AF52420E4B23700E85893 /* RCExtension-Bridging-Header.h */ = {isa = PBXFileReference; lastKnownFileType = sourcecode.c.h; path = "RCExtension-Bridging-Header.h"; sourceTree = "<group>"; };
		5C81BED320E4792D0023406F /* NSObject+Class.h */ = {isa = PBXFileReference; fileEncoding = 4; lastKnownFileType = sourcecode.c.h; path = "NSObject+Class.h"; sourceTree = "<group>"; };
		5C81BED420E4792D0023406F /* NSObject+Class.m */ = {isa = PBXFileReference; fileEncoding = 4; lastKnownFileType = sourcecode.c.objc; path = "NSObject+Class.m"; sourceTree = "<group>"; };
		5C81BED620E4792D0023406F /* NSDate+Utils.h */ = {isa = PBXFileReference; fileEncoding = 4; lastKnownFileType = sourcecode.c.h; path = "NSDate+Utils.h"; sourceTree = "<group>"; };
		5C81BED720E4792D0023406F /* NSDate+Utils.m */ = {isa = PBXFileReference; fileEncoding = 4; lastKnownFileType = sourcecode.c.objc; path = "NSDate+Utils.m"; sourceTree = "<group>"; };
		5C81BEDE20E4792D0023406F /* RCDatePickerView.m */ = {isa = PBXFileReference; fileEncoding = 4; lastKnownFileType = sourcecode.c.objc; path = RCDatePickerView.m; sourceTree = "<group>"; };
		5C81BEDF20E4792D0023406F /* RCShopHelperView.h */ = {isa = PBXFileReference; fileEncoding = 4; lastKnownFileType = sourcecode.c.h; path = RCShopHelperView.h; sourceTree = "<group>"; };
		5C81BEE120E4792D0023406F /* UIView+Frame.m */ = {isa = PBXFileReference; fileEncoding = 4; lastKnownFileType = sourcecode.c.objc; path = "UIView+Frame.m"; sourceTree = "<group>"; };
		5C81BEE520E4792D0023406F /* RCShopHelperView.m */ = {isa = PBXFileReference; fileEncoding = 4; lastKnownFileType = sourcecode.c.objc; path = RCShopHelperView.m; sourceTree = "<group>"; };
		5C81BEE620E4792D0023406F /* RCDatePickerView.h */ = {isa = PBXFileReference; fileEncoding = 4; lastKnownFileType = sourcecode.c.h; path = RCDatePickerView.h; sourceTree = "<group>"; };
		5C81BEE920E4792D0023406F /* UIView+Frame.h */ = {isa = PBXFileReference; fileEncoding = 4; lastKnownFileType = sourcecode.c.h; path = "UIView+Frame.h"; sourceTree = "<group>"; };
		5C81BEEA20E4792D0023406F /* RCMacro.h */ = {isa = PBXFileReference; fileEncoding = 4; lastKnownFileType = sourcecode.c.h; path = RCMacro.h; sourceTree = "<group>"; };
		5C81BEEC20E4792D0023406F /* NSString+Helper.m */ = {isa = PBXFileReference; fileEncoding = 4; lastKnownFileType = sourcecode.c.objc; path = "NSString+Helper.m"; sourceTree = "<group>"; };
		5C81BEF220E4792D0023406F /* NSString+Helper.h */ = {isa = PBXFileReference; fileEncoding = 4; lastKnownFileType = sourcecode.c.h; path = "NSString+Helper.h"; sourceTree = "<group>"; };
		5C81BF0620E479CB0023406F /* NSObject+Extension.h */ = {isa = PBXFileReference; lastKnownFileType = sourcecode.c.h; path = "NSObject+Extension.h"; sourceTree = "<group>"; };
		5C81BF0720E47A020023406F /* NSString+RCExtension.h */ = {isa = PBXFileReference; lastKnownFileType = sourcecode.c.h; path = "NSString+RCExtension.h"; sourceTree = "<group>"; };
		5C81BF0820E47AC70023406F /* NSString+Attributed.h */ = {isa = PBXFileReference; lastKnownFileType = sourcecode.c.h; path = "NSString+Attributed.h"; sourceTree = "<group>"; };
		5C81BF0920E47AC70023406F /* NSString+Attributed.m */ = {isa = PBXFileReference; lastKnownFileType = sourcecode.c.objc; path = "NSString+Attributed.m"; sourceTree = "<group>"; };
		5C81BF0B20E481C00023406F /* NSString+NameRule.h */ = {isa = PBXFileReference; lastKnownFileType = sourcecode.c.h; path = "NSString+NameRule.h"; sourceTree = "<group>"; };
		5C81BF0C20E481C00023406F /* NSString+NameRule.m */ = {isa = PBXFileReference; lastKnownFileType = sourcecode.c.objc; path = "NSString+NameRule.m"; sourceTree = "<group>"; };
		5C81BF0E20E485BD0023406F /* RCExtension.h */ = {isa = PBXFileReference; lastKnownFileType = sourcecode.c.h; path = RCExtension.h; sourceTree = "<group>"; };
		8B1C75041CB3B96000894C06 /* RCExtension.app */ = {isa = PBXFileReference; explicitFileType = wrapper.application; includeInIndex = 0; path = RCExtension.app; sourceTree = BUILT_PRODUCTS_DIR; };
		8B1C75081CB3B96000894C06 /* main.m */ = {isa = PBXFileReference; lastKnownFileType = sourcecode.c.objc; path = main.m; sourceTree = "<group>"; };
		8B1C750A1CB3B96000894C06 /* AppDelegate.h */ = {isa = PBXFileReference; lastKnownFileType = sourcecode.c.h; path = AppDelegate.h; sourceTree = "<group>"; };
		8B1C750B1CB3B96000894C06 /* AppDelegate.m */ = {isa = PBXFileReference; lastKnownFileType = sourcecode.c.objc; path = AppDelegate.m; sourceTree = "<group>"; };
		8B1C750D1CB3B96000894C06 /* ViewController.h */ = {isa = PBXFileReference; lastKnownFileType = sourcecode.c.h; path = ViewController.h; sourceTree = "<group>"; };
		8B1C750E1CB3B96000894C06 /* ViewController.m */ = {isa = PBXFileReference; lastKnownFileType = sourcecode.c.objc; path = ViewController.m; sourceTree = "<group>"; };
		8B1C75111CB3B96000894C06 /* Base */ = {isa = PBXFileReference; lastKnownFileType = file.storyboard; name = Base; path = Base.lproj/Main.storyboard; sourceTree = "<group>"; };
		8B1C75131CB3B96000894C06 /* Assets.xcassets */ = {isa = PBXFileReference; lastKnownFileType = folder.assetcatalog; path = Assets.xcassets; sourceTree = "<group>"; };
		8B1C75161CB3B96000894C06 /* Base */ = {isa = PBXFileReference; lastKnownFileType = file.storyboard; name = Base; path = Base.lproj/LaunchScreen.storyboard; sourceTree = "<group>"; };
		8B1C75181CB3B96000894C06 /* Info.plist */ = {isa = PBXFileReference; lastKnownFileType = text.plist.xml; path = Info.plist; sourceTree = "<group>"; };
/* End PBXFileReference section */

/* Begin PBXFrameworksBuildPhase section */
		8B1C75011CB3B96000894C06 /* Frameworks */ = {
			isa = PBXFrameworksBuildPhase;
			buildActionMask = 2147483647;
			files = (
			);
			runOnlyForDeploymentPostprocessing = 0;
		};
/* End PBXFrameworksBuildPhase section */

/* Begin PBXGroup section */
		5C81BED220E4792D0023406F /* NSObject+Extension */ = {
			isa = PBXGroup;
			children = (
				5C81BED320E4792D0023406F /* NSObject+Class.h */,
				5C81BED420E4792D0023406F /* NSObject+Class.m */,
				5C81BF0620E479CB0023406F /* NSObject+Extension.h */,
			);
			path = "NSObject+Extension";
			sourceTree = "<group>";
		};
		5C81BED520E4792D0023406F /* NSDate */ = {
			isa = PBXGroup;
			children = (
				5C81BED620E4792D0023406F /* NSDate+Utils.h */,
				5C81BED720E4792D0023406F /* NSDate+Utils.m */,
			);
			path = NSDate;
			sourceTree = "<group>";
		};
		5C81BEDD20E4792D0023406F /* RCKit */ = {
			isa = PBXGroup;
			children = (
				5C81BEE620E4792D0023406F /* RCDatePickerView.h */,
				5C81BEDE20E4792D0023406F /* RCDatePickerView.m */,
				5C81BEDF20E4792D0023406F /* RCShopHelperView.h */,
				5C81BEE520E4792D0023406F /* RCShopHelperView.m */,
				5C81BEE920E4792D0023406F /* UIView+Frame.h */,
				5C81BEE120E4792D0023406F /* UIView+Frame.m */,
				5C1AF52420E4B23700E85893 /* RCExtension-Bridging-Header.h */,
			);
			path = RCKit;
			sourceTree = "<group>";
		};
		5C81BEEB20E4792D0023406F /* NSString+Extension */ = {
			isa = PBXGroup;
			children = (
				5C81BF0720E47A020023406F /* NSString+RCExtension.h */,
				5C81BF0820E47AC70023406F /* NSString+Attributed.h */,
				5C81BF0920E47AC70023406F /* NSString+Attributed.m */,
				5C81BEF220E4792D0023406F /* NSString+Helper.h */,
				5C81BEEC20E4792D0023406F /* NSString+Helper.m */,
				5C81BF0B20E481C00023406F /* NSString+NameRule.h */,
				5C81BF0C20E481C00023406F /* NSString+NameRule.m */,
			);
			path = "NSString+Extension";
			sourceTree = "<group>";
		};
		8B1C74FB1CB3B96000894C06 = {
			isa = PBXGroup;
			children = (
				8B1C75061CB3B96000894C06 /* RCExtension */,
				8B1C75051CB3B96000894C06 /* Products */,
			);
			sourceTree = "<group>";
		};
		8B1C75051CB3B96000894C06 /* Products */ = {
			isa = PBXGroup;
			children = (
				8B1C75041CB3B96000894C06 /* RCExtension.app */,
			);
			name = Products;
			sourceTree = "<group>";
		};
		8B1C75061CB3B96000894C06 /* RCExtension */ = {
			isa = PBXGroup;
			children = (
				8B1C751E1CB3B96700894C06 /* RCExtension */,
				8B1C750A1CB3B96000894C06 /* AppDelegate.h */,
				8B1C750B1CB3B96000894C06 /* AppDelegate.m */,
				8B1C750D1CB3B96000894C06 /* ViewController.h */,
				8B1C750E1CB3B96000894C06 /* ViewController.m */,
				8B1C75101CB3B96000894C06 /* Main.storyboard */,
				8B1C75131CB3B96000894C06 /* Assets.xcassets */,
				8B1C75151CB3B96000894C06 /* LaunchScreen.storyboard */,
				8B1C75181CB3B96000894C06 /* Info.plist */,
				8B1C75071CB3B96000894C06 /* Supporting Files */,
			);
			path = RCExtension;
			sourceTree = "<group>";
		};
		8B1C75071CB3B96000894C06 /* Supporting Files */ = {
			isa = PBXGroup;
			children = (
				8B1C75081CB3B96000894C06 /* main.m */,
			);
			name = "Supporting Files";
			sourceTree = "<group>";
		};
		8B1C751E1CB3B96700894C06 /* RCExtension */ = {
			isa = PBXGroup;
			children = (
				5C81BED520E4792D0023406F /* NSDate */,
				5C81BED220E4792D0023406F /* NSObject+Extension */,
				5C81BEEB20E4792D0023406F /* NSString+Extension */,
				5C81BEDD20E4792D0023406F /* RCKit */,
				5C81BEEA20E4792D0023406F /* RCMacro.h */,
				5C81BF0E20E485BD0023406F /* RCExtension.h */,
			);
			path = RCExtension;
			sourceTree = "<group>";
		};
/* End PBXGroup section */

/* Begin PBXNativeTarget section */
		8B1C75031CB3B96000894C06 /* RCExtension */ = {
			isa = PBXNativeTarget;
			buildConfigurationList = 8B1C751B1CB3B96000894C06 /* Build configuration list for PBXNativeTarget "RCExtension" */;
			buildPhases = (
				8B1C75001CB3B96000894C06 /* Sources */,
				8B1C75011CB3B96000894C06 /* Frameworks */,
				8B1C75021CB3B96000894C06 /* Resources */,
			);
			buildRules = (
			);
			dependencies = (
			);
			name = RCExtension;
			productName = RCExtension;
			productReference = 8B1C75041CB3B96000894C06 /* RCExtension.app */;
			productType = "com.apple.product-type.application";
		};
/* End PBXNativeTarget section */

/* Begin PBXProject section */
		8B1C74FC1CB3B96000894C06 /* Project object */ = {
			isa = PBXProject;
			attributes = {
				LastUpgradeCheck = 0730;
				ORGANIZATIONNAME = rc.com.ltd;
				TargetAttributes = {
					8B1C75031CB3B96000894C06 = {
						CreatedOnToolsVersion = 7.3;
						DevelopmentTeam = 52Q9S5244E;
						LastSwiftMigration = 0940;
					};
				};
			};
			buildConfigurationList = 8B1C74FF1CB3B96000894C06 /* Build configuration list for PBXProject "RCExtension" */;
			compatibilityVersion = "Xcode 3.2";
			developmentRegion = English;
			hasScannedForEncodings = 0;
			knownRegions = (
				en,
				Base,
			);
			mainGroup = 8B1C74FB1CB3B96000894C06;
			productRefGroup = 8B1C75051CB3B96000894C06 /* Products */;
			projectDirPath = "";
			projectRoot = "";
			targets = (
				8B1C75031CB3B96000894C06 /* RCExtension */,
			);
		};
/* End PBXProject section */

/* Begin PBXResourcesBuildPhase section */
		8B1C75021CB3B96000894C06 /* Resources */ = {
			isa = PBXResourcesBuildPhase;
			buildActionMask = 2147483647;
			files = (
				8B1C75171CB3B96000894C06 /* LaunchScreen.storyboard in Resources */,
				8B1C75141CB3B96000894C06 /* Assets.xcassets in Resources */,
				8B1C75121CB3B96000894C06 /* Main.storyboard in Resources */,
			);
			runOnlyForDeploymentPostprocessing = 0;
		};
/* End PBXResourcesBuildPhase section */

/* Begin PBXSourcesBuildPhase section */
		8B1C75001CB3B96000894C06 /* Sources */ = {
			isa = PBXSourcesBuildPhase;
			buildActionMask = 2147483647;
			files = (
				5C81BEF720E4792D0023406F /* NSObject+Class.m in Sources */,
				5C81BEFB20E4792D0023406F /* RCDatePickerView.m in Sources */,
				8B1C750F1CB3B96000894C06 /* ViewController.m in Sources */,
				5C81BEFE20E4792D0023406F /* RCShopHelperView.m in Sources */,
				5C81BEFC20E4792D0023406F /* UIView+Frame.m in Sources */,
				5C81BF0D20E481C00023406F /* NSString+NameRule.m in Sources */,
				5C81BF0A20E47AC70023406F /* NSString+Attributed.m in Sources */,
				8B1C750C1CB3B96000894C06 /* AppDelegate.m in Sources */,
				8B1C75091CB3B96000894C06 /* main.m in Sources */,
				5C81BEF820E4792D0023406F /* NSDate+Utils.m in Sources */,
				5C81BF0120E4792D0023406F /* NSString+Helper.m in Sources */,
			);
			runOnlyForDeploymentPostprocessing = 0;
		};
/* End PBXSourcesBuildPhase section */

/* Begin PBXVariantGroup section */
		8B1C75101CB3B96000894C06 /* Main.storyboard */ = {
			isa = PBXVariantGroup;
			children = (
				8B1C75111CB3B96000894C06 /* Base */,
			);
			name = Main.storyboard;
			sourceTree = "<group>";
		};
		8B1C75151CB3B96000894C06 /* LaunchScreen.storyboard */ = {
			isa = PBXVariantGroup;
			children = (
				8B1C75161CB3B96000894C06 /* Base */,
			);
			name = LaunchScreen.storyboard;
			sourceTree = "<group>";
		};
/* End PBXVariantGroup section */

/* Begin XCBuildConfiguration section */
		8B1C75191CB3B96000894C06 /* Debug */ = {
			isa = XCBuildConfiguration;
			buildSettings = {
				ALWAYS_SEARCH_USER_PATHS = NO;
				CLANG_ANALYZER_NONNULL = YES;
				CLANG_CXX_LANGUAGE_STANDARD = "gnu++0x";
				CLANG_CXX_LIBRARY = "libc++";
				CLANG_ENABLE_MODULES = YES;
				CLANG_ENABLE_OBJC_ARC = YES;
				CLANG_WARN_BOOL_CONVERSION = YES;
				CLANG_WARN_CONSTANT_CONVERSION = YES;
				CLANG_WARN_DIRECT_OBJC_ISA_USAGE = YES_ERROR;
				CLANG_WARN_EMPTY_BODY = YES;
				CLANG_WARN_ENUM_CONVERSION = YES;
				CLANG_WARN_INT_CONVERSION = YES;
				CLANG_WARN_OBJC_ROOT_CLASS = YES_ERROR;
				CLANG_WARN_UNREACHABLE_CODE = YES;
				CLANG_WARN__DUPLICATE_METHOD_MATCH = YES;
				"CODE_SIGN_IDENTITY[sdk=iphoneos*]" = "iPhone Developer";
				COPY_PHASE_STRIP = NO;
				DEBUG_INFORMATION_FORMAT = dwarf;
				ENABLE_STRICT_OBJC_MSGSEND = YES;
				ENABLE_TESTABILITY = YES;
				GCC_C_LANGUAGE_STANDARD = gnu99;
				GCC_DYNAMIC_NO_PIC = NO;
				GCC_NO_COMMON_BLOCKS = YES;
				GCC_OPTIMIZATION_LEVEL = 0;
				GCC_PREPROCESSOR_DEFINITIONS = (
					"DEBUG=1",
					"$(inherited)",
				);
				GCC_WARN_64_TO_32_BIT_CONVERSION = YES;
				GCC_WARN_ABOUT_RETURN_TYPE = YES_ERROR;
				GCC_WARN_UNDECLARED_SELECTOR = YES;
				GCC_WARN_UNINITIALIZED_AUTOS = YES_AGGRESSIVE;
				GCC_WARN_UNUSED_FUNCTION = YES;
				GCC_WARN_UNUSED_VARIABLE = YES;
				IPHONEOS_DEPLOYMENT_TARGET = 7.0;
				MTL_ENABLE_DEBUG_INFO = YES;
				ONLY_ACTIVE_ARCH = YES;
				SDKROOT = iphoneos;
			};
			name = Debug;
		};
		8B1C751A1CB3B96000894C06 /* Release */ = {
			isa = XCBuildConfiguration;
			buildSettings = {
				ALWAYS_SEARCH_USER_PATHS = NO;
				CLANG_ANALYZER_NONNULL = YES;
				CLANG_CXX_LANGUAGE_STANDARD = "gnu++0x";
				CLANG_CXX_LIBRARY = "libc++";
				CLANG_ENABLE_MODULES = YES;
				CLANG_ENABLE_OBJC_ARC = YES;
				CLANG_WARN_BOOL_CONVERSION = YES;
				CLANG_WARN_CONSTANT_CONVERSION = YES;
				CLANG_WARN_DIRECT_OBJC_ISA_USAGE = YES_ERROR;
				CLANG_WARN_EMPTY_BODY = YES;
				CLANG_WARN_ENUM_CONVERSION = YES;
				CLANG_WARN_INT_CONVERSION = YES;
				CLANG_WARN_OBJC_ROOT_CLASS = YES_ERROR;
				CLANG_WARN_UNREACHABLE_CODE = YES;
				CLANG_WARN__DUPLICATE_METHOD_MATCH = YES;
				"CODE_SIGN_IDENTITY[sdk=iphoneos*]" = "iPhone Developer";
				COPY_PHASE_STRIP = NO;
				DEBUG_INFORMATION_FORMAT = "dwarf-with-dsym";
				ENABLE_NS_ASSERTIONS = NO;
				ENABLE_STRICT_OBJC_MSGSEND = YES;
				GCC_C_LANGUAGE_STANDARD = gnu99;
				GCC_NO_COMMON_BLOCKS = YES;
				GCC_WARN_64_TO_32_BIT_CONVERSION = YES;
				GCC_WARN_ABOUT_RETURN_TYPE = YES_ERROR;
				GCC_WARN_UNDECLARED_SELECTOR = YES;
				GCC_WARN_UNINITIALIZED_AUTOS = YES_AGGRESSIVE;
				GCC_WARN_UNUSED_FUNCTION = YES;
				GCC_WARN_UNUSED_VARIABLE = YES;
				IPHONEOS_DEPLOYMENT_TARGET = 7.0;
				MTL_ENABLE_DEBUG_INFO = NO;
				SDKROOT = iphoneos;
				VALIDATE_PRODUCT = YES;
			};
			name = Release;
		};
		8B1C751C1CB3B96000894C06 /* Debug */ = {
			isa = XCBuildConfiguration;
			buildSettings = {
				ASSETCATALOG_COMPILER_APPICON_NAME = AppIcon;
				CLANG_ENABLE_MODULES = YES;
				DEVELOPMENT_TEAM = 52Q9S5244E;
				INFOPLIST_FILE = RCExtension/Info.plist;
				IPHONEOS_DEPLOYMENT_TARGET = 7.0;
				LD_RUNPATH_SEARCH_PATHS = "$(inherited) @executable_path/Frameworks";
				PRODUCT_BUNDLE_IDENTIFIER = com.dow.data;
				PRODUCT_NAME = "$(TARGET_NAME)";
				SWIFT_OBJC_BRIDGING_HEADER = "RCExtension/RCExtension/RCKit/RCExtension-Bridging-Header.h";
				SWIFT_OPTIMIZATION_LEVEL = "-Onone";
				SWIFT_VERSION = 3.0;
			};
			name = Debug;
		};
		8B1C751D1CB3B96000894C06 /* Release */ = {
			isa = XCBuildConfiguration;
			buildSettings = {
				ASSETCATALOG_COMPILER_APPICON_NAME = AppIcon;
				CLANG_ENABLE_MODULES = YES;
				DEVELOPMENT_TEAM = 52Q9S5244E;
				INFOPLIST_FILE = RCExtension/Info.plist;
				IPHONEOS_DEPLOYMENT_TARGET = 7.0;
				LD_RUNPATH_SEARCH_PATHS = "$(inherited) @executable_path/Frameworks";
				PRODUCT_BUNDLE_IDENTIFIER = com.dow.data;
				PRODUCT_NAME = "$(TARGET_NAME)";
				SWIFT_OBJC_BRIDGING_HEADER = "RCExtension/RCExtension/RCKit/RCExtension-Bridging-Header.h";
				SWIFT_VERSION = 3.0;
			};
			name = Release;
		};
/* End XCBuildConfiguration section */

/* Begin XCConfigurationList section */
		8B1C74FF1CB3B96000894C06 /* Build configuration list for PBXProject "RCExtension" */ = {
			isa = XCConfigurationList;
			buildConfigurations = (
				8B1C75191CB3B96000894C06 /* Debug */,
				8B1C751A1CB3B96000894C06 /* Release */,
			);
			defaultConfigurationIsVisible = 0;
			defaultConfigurationName = Release;
		};
		8B1C751B1CB3B96000894C06 /* Build configuration list for PBXNativeTarget "RCExtension" */ = {
			isa = XCConfigurationList;
			buildConfigurations = (
				8B1C751C1CB3B96000894C06 /* Debug */,
				8B1C751D1CB3B96000894C06 /* Release */,
			);
			defaultConfigurationIsVisible = 0;
			defaultConfigurationName = Release;
		};
/* End XCConfigurationList section */
	};
	rootObject = 8B1C74FC1CB3B96000894C06 /* Project object */;
}
